
Microsoft Visual Studio Solution File, Format Version 11.00
# Visual Studio 2010
Project("{FAE04EC0-301F-11D3-BF4B-00C04F79EFBC}") = "Sitecore.Extensions", "Sitecore.Extensions.csproj", "{3998B82D-2BF3-464E-8159-3A8B6576A696}"
EndProject
Global
	GlobalSection(SolutionConfigurationPlatforms) = preSolution
		Debug|Any CPU = Debug|Any CPU
		Release|Any CPU = Release|Any CPU
	EndGlobalSection
	GlobalSection(ProjectConfigurationPlatforms) = postSolution
		{3998B82D-2BF3-464E-8159-3A8B6576A696}.Debug|Any CPU.ActiveCfg = Debug|Any CPU
		{3998B82D-2BF3-464E-8159-3A8B6576A696}.Debug|Any CPU.Build.0 = Debug|Any CPU
		{3998B82D-2BF3-464E-8159-3A8B6576A696}.Release|Any CPU.ActiveCfg = Release|Any CPU
		{3998B82D-2BF3-464E-8159-3A8B6576A696}.Release|Any CPU.Build.0 = Release|Any CPU
	EndGlobalSection
	GlobalSection(SolutionProperties) = preSolution
		HideSolutionNode = FALSE
	EndGlobalSection
EndGlobal
